
Microsoft Visual Studio Solution File, Format Version 12.00
# Visual Studio Version 16
VisualStudioVersion = 16.0.31702.126
MinimumVisualStudioVersion = 10.0.40219.1
Project("{151D2E53-A2C4-4D7D-83FE-D05416EBD58E}") = "OMS-Changeover-XWtoOMS", "ScheduledTasks\OMS-Changeover-XWtoOMS.deployproj", "{C9864116-601D-40A8-B890-819A53CB8E69}"
EndProject
Global
	GlobalSection(SolutionConfigurationPlatforms) = preSolution
		Debug|Any CPU = Debug|Any CPU
		Release|Any CPU = Release|Any CPU
	EndGlobalSection
	GlobalSection(ProjectConfigurationPlatforms) = postSolution
		{C9864116-601D-40A8-B890-819A53CB8E69}.Debug|Any CPU.ActiveCfg = Debug|Any CPU
		{C9864116-601D-40A8-B890-819A53CB8E69}.Debug|Any CPU.Build.0 = Debug|Any CPU
		{C9864116-601D-40A8-B890-819A53CB8E69}.Release|Any CPU.ActiveCfg = Release|Any CPU
		{C9864116-601D-40A8-B890-819A53CB8E69}.Release|Any CPU.Build.0 = Release|Any CPU
	EndGlobalSection
	GlobalSection(SolutionProperties) = preSolution
		HideSolutionNode = FALSE
	EndGlobalSection
	GlobalSection(ExtensibilityGlobals) = postSolution
		SolutionGuid = {F7445F31-3894-44F2-BF8A-3630699EE97F}
	EndGlobalSection
EndGlobal
